
Microsoft Visual Studio Solution File, Format Version 12.00
# Visual Studio Version 16
VisualStudioVersion = 16.0.29102.190
MinimumVisualStudioVersion = 10.0.40219.1
Project("{FAE04EC0-301F-11D3-BF4B-00C04F79EFBC}") = "PortfolioManagement", "PortfolioManagement.csproj", "{910908B9-AB08-4FED-8BFA-7180F56F6AE0}"
EndProject
Global
	GlobalSection(SolutionConfigurationPlatforms) = preSolution
		Debug|Any CPU = Debug|Any CPU
		Release|Any CPU = Release|Any CPU
	EndGlobalSection
	GlobalSection(ProjectConfigurationPlatforms) = postSolution
		{910908B9-AB08-4FED-8BFA-7180F56F6AE0}.Debug|Any CPU.ActiveCfg = Debug|Any CPU
		{910908B9-AB08-4FED-8BFA-7180F56F6AE0}.Debug|Any CPU.Build.0 = Debug|Any CPU
		{910908B9-AB08-4FED-8BFA-7180F56F6AE0}.Release|Any CPU.ActiveCfg = Release|Any CPU
		{910908B9-AB08-4FED-8BFA-7180F56F6AE0}.Release|Any CPU.Build.0 = Release|Any CPU
	EndGlobalSection
	GlobalSection(SolutionProperties) = preSolution
		HideSolutionNode = FALSE
	EndGlobalSection
	GlobalSection(ExtensibilityGlobals) = postSolution
		SolutionGuid = {7A7B5FE6-9D8F-4FC8-92ED-99D8EACD7101}
	EndGlobalSection
EndGlobal
